
Microsoft Visual Studio Solution File, Format Version 12.00
# Visual Studio Version 16
VisualStudioVersion = 16.0.32510.428
MinimumVisualStudioVersion = 10.0.40219.1
Project("{FAE04EC0-301F-11D3-BF4B-00C04F79EFBC}") = "ApiDemo", "ApiDemo.csproj", "{84808B0E-5283-45AE-ABF9-37F8EF4585CE}"
EndProject
Global
	GlobalSection(SolutionConfigurationPlatforms) = preSolution
		Debug|Any CPU = Debug|Any CPU
		Release|Any CPU = Release|Any CPU
	EndGlobalSection
	GlobalSection(ProjectConfigurationPlatforms) = postSolution
		{84808B0E-5283-45AE-ABF9-37F8EF4585CE}.Debug|Any CPU.ActiveCfg = Debug|Any CPU
		{84808B0E-5283-45AE-ABF9-37F8EF4585CE}.Debug|Any CPU.Build.0 = Debug|Any CPU
		{84808B0E-5283-45AE-ABF9-37F8EF4585CE}.Release|Any CPU.ActiveCfg = Release|Any CPU
		{84808B0E-5283-45AE-ABF9-37F8EF4585CE}.Release|Any CPU.Build.0 = Release|Any CPU
	EndGlobalSection
	GlobalSection(SolutionProperties) = preSolution
		HideSolutionNode = FALSE
	EndGlobalSection
	GlobalSection(ExtensibilityGlobals) = postSolution
		SolutionGuid = {C1780A60-C7D5-481F-825C-75B3B67133DB}
	EndGlobalSection
EndGlobal
